
PODS:
- LibComponentLogging-Core (1.3.1)
- LibComponentLogging-NSLog (1.0.4):
  - LibComponentLogging-Core (>= 1.1.6)
- LibComponentLogging-UserDefaults (1.0.3):
  - LibComponentLogging-Core (>= 1.1.6)
- LibComponentLogging-pods (0.0.1):
  - LibComponentLogging-Core
- LibComponentLogging-qlog (1.1.1):
  - LibComponentLogging-Core (>= 1.2.1)

DEPENDENCIES:
- LibComponentLogging-Core
- LibComponentLogging-NSLog
- LibComponentLogging-UserDefaults
- LibComponentLogging-pods
- LibComponentLogging-qlog

SPEC CHECKSUMS:
  LibComponentLogging-Core: 344f6045453ca28fa8f2909eb9624ec9d15ef256
  LibComponentLogging-NSLog: a4bb0f6de612eef7b5fcdbd9cc96dc868ba1f2df
  LibComponentLogging-UserDefaults: caa988d07c5f338b8981583b89c84ed76d657c84
  LibComponentLogging-pods: 1d12de9ecebbab0ec5be2c63f6ab1cf30a5f1f27
  LibComponentLogging-qlog: c9e17b3bdafdff3a02c39d16a040b778c458e856

COCOAPODS: 0.15.2
